github.com/distribution/distribution v2.8.3+incompatible h1:RlpEXBLq/WPXYvBYMDAmBX/SnhD67qwtvW/DzKc8pAo=
github.com/distribution/distribution v2.8.3+incompatible/go.mod h1:EgLm2NgWtdKgzF9NpMzUKgzmR7AMmb0VQi2B+ZzDRjc=
github.com/opencontainers/go-digest v1.0.0 h1:apOUWs51W5PlhuyGyz9FCeeBIOUDA/6nW8Oi/yOhh5U=
github.com/opencontainers/go-digest v1.0.0/go.mod h1:0JzlMkj0TRzQZfJkVvzbP0HBR3IKzErnv2BNG4W4MAM=
github.com/opencontainers/image-spec v1.1.0 h1:8SG7/vwALn54lVB/0yZ/MMwhFrPYtpEHQb2IpWsCzug=
github.com/opencontainers/image-spec v1.1.0/go.mod h1:W4s4sFTMaBeK1BQLXbG4AdM2szdn85PY75RI83NrTrM=
github.com/quantumsheep/range-parser v1.1.0 h1:k4f1F58f8FF54FBYc9dYBRM+8JkAxFo11gC3IeMH4rU=
github.com/quantumsheep/range-parser v1.1.0/go.mod h1:acv4Vt2PvpGvRsvGju7Gk2ahKluZJsIUNR69W53J22I=
